
Microsoft Visual Studio Solution File, Format Version 12.00
# Visual Studio Version 16
VisualStudioVersion = 16.0.28315.86
MinimumVisualStudioVersion = 10.0.40219.1
Project("{2150E333-8FDC-42A3-9474-1A3956D46DE8}") = "Engine", "Engine", "{5DF79714-8F7E-4382-8A61-45B5B00F22B9}"
EndProject
Project("{2150E333-8FDC-42A3-9474-1A3956D46DE8}") = "Games", "Games", "{83EEEEBA-6DAC-4314-90DA-86124ABD1833}"
EndProject
Project("{8BC9CEB8-8B4A-11D0-8D11-00A0C91BC942}") = "UE4", "Intermediate\ProjectFiles\UE4.vcxproj", "{E014B619-DD63-47D5-B2A8-8A56EE565687}"
EndProject
Project("{8BC9CEB8-8B4A-11D0-8D11-00A0C91BC942}") = "ToonTanks", "Intermediate\ProjectFiles\ToonTanks.vcxproj", "{1731184B-14F8-41C8-ABDB-6C95D1295AB3}"
EndProject
Project("{2150E333-8FDC-42A3-9474-1A3956D46DE8}") = "Visualizers", "Visualizers", "{58BFFBC7-1064-4B55-980B-1475226A4413}"
	ProjectSection(SolutionItems) = preProject
		..\..\Program Files\Epic Games\UE_4.24\Engine\Extras\VisualStudioDebugging\UE4.natvis = ..\..\Program Files\Epic Games\UE_4.24\Engine\Extras\VisualStudioDebugging\UE4.natvis
	EndProjectSection
EndProject
Global
	GlobalSection(SolutionConfigurationPlatforms) = preSolution
		DebugGame Editor|Win32 = DebugGame Editor|Win32
		DebugGame Editor|Win64 = DebugGame Editor|Win64
		DebugGame|Win32 = DebugGame|Win32
		DebugGame|Win64 = DebugGame|Win64
		Development Editor|Win32 = Development Editor|Win32
		Development Editor|Win64 = Development Editor|Win64
		Development|Win32 = Development|Win32
		Development|Win64 = Development|Win64
		Shipping|Win32 = Shipping|Win32
		Shipping|Win64 = Shipping|Win64
	EndGlobalSection
	GlobalSection(ProjectConfigurationPlatforms) = postSolution
		{E014B619-DD63-47D5-B2A8-8A56EE565687}.DebugGame Editor|Win32.ActiveCfg = BuiltWithUnrealBuildTool|Win32
		{E014B619-DD63-47D5-B2A8-8A56EE565687}.DebugGame Editor|Win64.ActiveCfg = BuiltWithUnrealBuildTool|Win32
		{E014B619-DD63-47D5-B2A8-8A56EE565687}.DebugGame|Win32.ActiveCfg = BuiltWithUnrealBuildTool|Win32
		{E014B619-DD63-47D5-B2A8-8A56EE565687}.DebugGame|Win64.ActiveCfg = BuiltWithUnrealBuildTool|Win32
		{E014B619-DD63-47D5-B2A8-8A56EE565687}.Development Editor|Win32.ActiveCfg = BuiltWithUnrealBuildTool|Win32
		{E014B619-DD63-47D5-B2A8-8A56EE565687}.Development Editor|Win64.ActiveCfg = BuiltWithUnrealBuildTool|Win32
		{E014B619-DD63-47D5-B2A8-8A56EE565687}.Development|Win32.ActiveCfg = BuiltWithUnrealBuildTool|Win32
		{E014B619-DD63-47D5-B2A8-8A56EE565687}.Development|Win64.ActiveCfg = BuiltWithUnrealBuildTool|Win32
		{E014B619-DD63-47D5-B2A8-8A56EE565687}.Shipping|Win32.ActiveCfg = BuiltWithUnrealBuildTool|Win32
		{E014B619-DD63-47D5-B2A8-8A56EE565687}.Shipping|Win64.ActiveCfg = BuiltWithUnrealBuildTool|Win32
		{1731184B-14F8-41C8-ABDB-6C95D1295AB3}.DebugGame Editor|Win32.ActiveCfg = Invalid|Win32
		{1731184B-14F8-41C8-ABDB-6C95D1295AB3}.DebugGame Editor|Win64.ActiveCfg = DebugGame_Editor|x64
		{1731184B-14F8-41C8-ABDB-6C95D1295AB3}.DebugGame Editor|Win64.Build.0 = DebugGame_Editor|x64
		{1731184B-14F8-41C8-ABDB-6C95D1295AB3}.DebugGame|Win32.ActiveCfg = DebugGame|Win32
		{1731184B-14F8-41C8-ABDB-6C95D1295AB3}.DebugGame|Win32.Build.0 = DebugGame|Win32
		{1731184B-14F8-41C8-ABDB-6C95D1295AB3}.DebugGame|Win64.ActiveCfg = DebugGame|x64
		{1731184B-14F8-41C8-ABDB-6C95D1295AB3}.DebugGame|Win64.Build.0 = DebugGame|x64
		{1731184B-14F8-41C8-ABDB-6C95D1295AB3}.Development Editor|Win32.ActiveCfg = Invalid|Win32
		{1731184B-14F8-41C8-ABDB-6C95D1295AB3}.Development Editor|Win64.ActiveCfg = Development_Editor|x64
		{1731184B-14F8-41C8-ABDB-6C95D1295AB3}.Development Editor|Win64.Build.0 = Development_Editor|x64
		{1731184B-14F8-41C8-ABDB-6C95D1295AB3}.Development|Win32.ActiveCfg = Development|Win32
		{1731184B-14F8-41C8-ABDB-6C95D1295AB3}.Development|Win32.Build.0 = Development|Win32
		{1731184B-14F8-41C8-ABDB-6C95D1295AB3}.Development|Win64.ActiveCfg = Development|x64
		{1731184B-14F8-41C8-ABDB-6C95D1295AB3}.Development|Win64.Build.0 = Development|x64
		{1731184B-14F8-41C8-ABDB-6C95D1295AB3}.Shipping|Win32.ActiveCfg = Shipping|Win32
		{1731184B-14F8-41C8-ABDB-6C95D1295AB3}.Shipping|Win32.Build.0 = Shipping|Win32
		{1731184B-14F8-41C8-ABDB-6C95D1295AB3}.Shipping|Win64.ActiveCfg = Shipping|x64
		{1731184B-14F8-41C8-ABDB-6C95D1295AB3}.Shipping|Win64.Build.0 = Shipping|x64
	EndGlobalSection
	GlobalSection(SolutionProperties) = preSolution
		HideSolutionNode = FALSE
	EndGlobalSection
	GlobalSection(NestedProjects) = preSolution
		{E014B619-DD63-47D5-B2A8-8A56EE565687} = {5DF79714-8F7E-4382-8A61-45B5B00F22B9}
		{1731184B-14F8-41C8-ABDB-6C95D1295AB3} = {83EEEEBA-6DAC-4314-90DA-86124ABD1833}
	EndGlobalSection
EndGlobal
